{
  "version": 4,
  "terraform_version": "1.5.7",
  "serial": 19,
  "lineage": "070c77c5-9569-4d36-1616-062a013acddb",
  "outputs": {
    "coughoverflow_url": {
      "value": "coughoverflow-lb-533553647.us-east-1.elb.amazonaws.com",
      "type": "string"
    }
  },
  "resources": [
    {
      "mode": "data",
      "type": "aws_iam_role",
      "name": "lab",
      "provider": "provider[\"registry.terraform.io/hashicorp/aws\"]",
      "instances": [
        {
          "schema_version": 0,
          "attributes": {
            "arn": "arn:aws:iam::735537156226:role/LabRole",
            "assume_role_policy": "{\"Version\":\"2012-10-17\",\"Statement\":[{\"Effect\":\"Allow\",\"Principal\":{\"Service\":[\"rekognition.amazonaws.com\",\"lambda.amazonaws.com\",\"sns.amazonaws.com\",\"elasticfilesystem.amazonaws.com\",\"iot.amazonaws.com\",\"dynamodb.amazonaws.com\",\"application-autoscaling.amazonaws.com\",\"elasticloadbalancing.amazonaws.com\",\"codecommit.amazonaws.com\",\"events.amazonaws.com\",\"iotevents.amazonaws.com\",\"logs.amazonaws.com\",\"cognito-idp.amazonaws.com\",\"eks.amazonaws.com\",\"cloudtrail.amazonaws.com\",\"deepracer.amazonaws.com\",\"kinesisanalytics.amazonaws.com\",\"glue.amazonaws.com\",\"sagemaker.amazonaws.com\",\"secretsmanager.amazonaws.com\",\"s3.amazonaws.com\",\"eks-fargate-pods.amazonaws.com\",\"iotanalytics.amazonaws.com\",\"kinesis.amazonaws.com\",\"kms.amazonaws.com\",\"databrew.amazonaws.com\",\"elasticbeanstalk.amazonaws.com\",\"ssm.amazonaws.com\",\"athena.amazonaws.com\",\"redshift.amazonaws.com\",\"elasticmapreduce.amazonaws.com\",\"ecs.amazonaws.com\",\"cloudformation.amazonaws.com\",\"codedeploy.amazonaws.com\",\"sqs.amazonaws.com\",\"ec2.application-autoscaling.amazonaws.com\",\"firehose.amazonaws.com\",\"apigateway.amazonaws.com\",\"cloud9.amazonaws.com\",\"credentials.iot.amazonaws.com\",\"ec2.amazonaws.com\",\"states.amazonaws.com\",\"forecast.amazonaws.com\",\"autoscaling.amazonaws.com\",\"codewhisperer.amazonaws.com\",\"scheduler.amazonaws.com\",\"batch.amazonaws.com\",\"rds.amazonaws.com\",\"resource-groups.amazonaws.com\",\"servicecatalog.amazonaws.com\",\"backup.amazonaws.com\",\"pipes.amazonaws.com\",\"ecs-tasks.amazonaws.com\"],\"AWS\":\"arn:aws:iam::735537156226:role/LabRole\"},\"Action\":\"sts:AssumeRole\"}]}",
            "create_date": "2025-04-08T03:22:27Z",
            "description": "",
            "id": "LabRole",
            "max_session_duration": 3600,
            "name": "LabRole",
            "path": "/",
            "permissions_boundary": "",
            "role_last_used": [
              {
                "last_used_date": "2025-04-17T01:07:58Z",
                "region": "us-east-1"
              }
            ],
            "tags": {
              "cloudlab": "c153368a3937680l9883714t1w735537156226"
            },
            "unique_id": "AROA2WQLOKCBNQJJMNN3C"
          },
          "sensitive_attributes": []
        }
      ]
    },
    {
      "mode": "data",
      "type": "aws_subnets",
      "name": "public",
      "provider": "provider[\"registry.terraform.io/hashicorp/aws\"]",
      "instances": [
        {
          "schema_version": 0,
          "attributes": {
            "filter": [
              {
                "name": "default-for-az",
                "values": [
                  "true"
                ]
              },
              {
                "name": "vpc-id",
                "values": [
                  "vpc-08e64bde7d2da64d5"
                ]
              }
            ],
            "id": "us-east-1",
            "ids": [
              "subnet-04aaa88fe16b55f3f",
              "subnet-073e4e64b931e9878",
              "subnet-01ff8bedc697c3a25",
              "subnet-04feae95163a4095a",
              "subnet-07ec07cb11e91bb0e",
              "subnet-0010980ea404c7c47"
            ],
            "tags": null,
            "timeouts": null
          },
          "sensitive_attributes": []
        }
      ]
    },
    {
      "mode": "data",
      "type": "aws_vpc",
      "name": "default",
      "provider": "provider[\"registry.terraform.io/hashicorp/aws\"]",
      "instances": [
        {
          "schema_version": 0,
          "attributes": {
            "arn": "arn:aws:ec2:us-east-1:735537156226:vpc/vpc-08e64bde7d2da64d5",
            "cidr_block": "172.31.0.0/16",
            "cidr_block_associations": [
              {
                "association_id": "vpc-cidr-assoc-04f53a8c13cc279f8",
                "cidr_block": "172.31.0.0/16",
                "state": "associated"
              }
            ],
            "default": true,
            "dhcp_options_id": "dopt-00e6cce4c2623b9db",
            "enable_dns_hostnames": true,
            "enable_dns_support": true,
            "enable_network_address_usage_metrics": false,
            "filter": null,
            "id": "vpc-08e64bde7d2da64d5",
            "instance_tenancy": "default",
            "ipv6_association_id": "",
            "ipv6_cidr_block": "",
            "main_route_table_id": "rtb-037611e40cec9bc3e",
            "owner_id": "735537156226",
            "state": null,
            "tags": {},
            "timeouts": null
          },
          "sensitive_attributes": []
        }
      ]
    },
    {
      "mode": "managed",
      "type": "aws_cloudwatch_log_group",
      "name": "coughoverflow_logs",
      "provider": "provider[\"registry.terraform.io/hashicorp/aws\"]",
      "instances": [
        {
          "schema_version": 0,
          "attributes": {
            "arn": "arn:aws:logs:us-east-1:735537156226:log-group:/ecs/coughoverflow-service",
            "id": "/ecs/coughoverflow-service",
            "kms_key_id": "",
            "log_group_class": "STANDARD",
            "name": "/ecs/coughoverflow-service",
            "name_prefix": "",
            "retention_in_days": 7,
            "skip_destroy": false,
            "tags": {},
            "tags_all": {
              "Course": "6400",
              "Environment": "Dev",
              "StudentID": "47324000"
            }
          },
          "sensitive_attributes": [],
          "private": "bnVsbA=="
        }
      ]
    },
    {
      "mode": "managed",
      "type": "aws_ecs_cluster",
      "name": "coughoverflow_cluster",
      "provider": "provider[\"registry.terraform.io/hashicorp/aws\"]",
      "instances": [
        {
          "schema_version": 0,
          "attributes": {
            "arn": "arn:aws:ecs:us-east-1:735537156226:cluster/coughoverflow-cluster",
            "configuration": [],
            "id": "arn:aws:ecs:us-east-1:735537156226:cluster/coughoverflow-cluster",
            "name": "coughoverflow-cluster",
            "service_connect_defaults": [],
            "setting": [
              {
                "name": "containerInsights",
                "value": "disabled"
              }
            ],
            "tags": {},
            "tags_all": {
              "Course": "6400",
              "Environment": "Dev",
              "StudentID": "47324000"
            }
          },
          "sensitive_attributes": [],
          "private": "bnVsbA=="
        }
      ]
    },
    {
      "mode": "managed",
      "type": "aws_ecs_service",
      "name": "coughoverflow_service",
      "provider": "provider[\"registry.terraform.io/hashicorp/aws\"]",
      "instances": [
        {
          "schema_version": 1,
          "attributes": {
            "alarms": [],
            "availability_zone_rebalancing": "DISABLED",
            "capacity_provider_strategy": [],
            "cluster": "arn:aws:ecs:us-east-1:735537156226:cluster/coughoverflow-cluster",
            "deployment_circuit_breaker": [
              {
                "enable": false,
                "rollback": false
              }
            ],
            "deployment_controller": [
              {
                "type": "ECS"
              }
            ],
            "deployment_maximum_percent": 200,
            "deployment_minimum_healthy_percent": 100,
            "desired_count": 1,
            "enable_ecs_managed_tags": false,
            "enable_execute_command": false,
            "force_delete": null,
            "force_new_deployment": null,
            "health_check_grace_period_seconds": 0,
            "iam_role": "/aws-service-role/ecs.amazonaws.com/AWSServiceRoleForECS",
            "id": "arn:aws:ecs:us-east-1:735537156226:service/coughoverflow-cluster/coughoverflow-service",
            "launch_type": "FARGATE",
            "load_balancer": [
              {
                "container_name": "coughoverflow",
                "container_port": 8080,
                "elb_name": "",
                "target_group_arn": "arn:aws:elasticloadbalancing:us-east-1:735537156226:targetgroup/coughoverflow-tg/f3ac453f8e0d69ab"
              }
            ],
            "name": "coughoverflow-service",
            "network_configuration": [
              {
                "assign_public_ip": true,
                "security_groups": [
                  "sg-0c4cf3d80340e1747"
                ],
                "subnets": [
                  "subnet-0010980ea404c7c47",
                  "subnet-01ff8bedc697c3a25",
                  "subnet-04aaa88fe16b55f3f",
                  "subnet-04feae95163a4095a",
                  "subnet-073e4e64b931e9878",
                  "subnet-07ec07cb11e91bb0e"
                ]
              }
            ],
            "ordered_placement_strategy": [],
            "placement_constraints": [],
            "platform_version": "LATEST",
            "propagate_tags": "NONE",
            "scheduling_strategy": "REPLICA",
            "service_connect_configuration": [],
            "service_registries": [],
            "tags": {},
            "tags_all": {
              "Course": "6400",
              "Environment": "Dev",
              "StudentID": "47324000"
            },
            "task_definition": "arn:aws:ecs:us-east-1:735537156226:task-definition/coughoverflow-task:2",
            "timeouts": null,
            "triggers": {},
            "volume_configuration": [],
            "vpc_lattice_configurations": [],
            "wait_for_steady_state": false
          },
          "sensitive_attributes": [],
          "private": "eyJlMmJmYjczMC1lY2FhLTExZTYtOGY4OC0zNDM2M2JjN2M0YzAiOnsiY3JlYXRlIjoxMjAwMDAwMDAwMDAwLCJkZWxldGUiOjEyMDAwMDAwMDAwMDAsInVwZGF0ZSI6MTIwMDAwMDAwMDAwMH0sInNjaGVtYV92ZXJzaW9uIjoiMSJ9",
          "dependencies": [
            "aws_cloudwatch_log_group.coughoverflow_logs",
            "aws_ecs_cluster.coughoverflow_cluster",
            "aws_ecs_task_definition.coughoverflow_task",
            "aws_lb.coughoverflow_lb",
            "aws_lb_listener.coughoverflow_listener",
            "aws_lb_target_group.coughoverflow_tg",
            "aws_security_group.alb_sg",
            "aws_security_group.ecs_sg",
            "data.aws_iam_role.lab",
            "data.aws_subnets.public",
            "data.aws_vpc.default"
          ]
        }
      ]
    },
    {
      "mode": "managed",
      "type": "aws_ecs_task_definition",
      "name": "coughoverflow_task",
      "provider": "provider[\"registry.terraform.io/hashicorp/aws\"]",
      "instances": [
        {
          "schema_version": 1,
          "attributes": {
            "arn": "arn:aws:ecs:us-east-1:735537156226:task-definition/coughoverflow-task:2",
            "arn_without_revision": "arn:aws:ecs:us-east-1:735537156226:task-definition/coughoverflow-task",
            "container_definitions": "[{\"environment\":[],\"essential\":true,\"image\":\"735537156226.dkr.ecr.us-east-1.amazonaws.com/coughoverflow:latest\",\"logConfiguration\":{\"logDriver\":\"awslogs\",\"options\":{\"awslogs-region\":\"us-east-1\",\"awslogs-stream-prefix\":\"ecs\",\"awslogs-group\":\"/ecs/coughoverflow-service\"}},\"mountPoints\":[],\"name\":\"coughoverflow\",\"portMappings\":[{\"containerPort\":8080,\"hostPort\":8080,\"protocol\":\"tcp\"}],\"systemControls\":[],\"volumesFrom\":[]}]",
            "cpu": "1024",
            "enable_fault_injection": false,
            "ephemeral_storage": [],
            "execution_role_arn": "arn:aws:iam::735537156226:role/LabRole",
            "family": "coughoverflow-task",
            "id": "coughoverflow-task",
            "inference_accelerator": [],
            "ipc_mode": "",
            "memory": "2048",
            "network_mode": "awsvpc",
            "pid_mode": "",
            "placement_constraints": [],
            "proxy_configuration": [],
            "requires_compatibilities": [
              "FARGATE"
            ],
            "revision": 2,
            "runtime_platform": [],
            "skip_destroy": false,
            "tags": {},
            "tags_all": {
              "Course": "6400",
              "Environment": "Dev",
              "StudentID": "47324000"
            },
            "task_role_arn": "",
            "track_latest": false,
            "volume": []
          },
          "sensitive_attributes": [],
          "private": "eyJzY2hlbWFfdmVyc2lvbiI6IjEifQ==",
          "dependencies": [
            "aws_cloudwatch_log_group.coughoverflow_logs",
            "data.aws_iam_role.lab"
          ]
        }
      ]
    },
    {
      "mode": "managed",
      "type": "aws_lb",
      "name": "coughoverflow_lb",
      "provider": "provider[\"registry.terraform.io/hashicorp/aws\"]",
      "instances": [
        {
          "schema_version": 0,
          "attributes": {
            "access_logs": [
              {
                "bucket": "",
                "enabled": false,
                "prefix": ""
              }
            ],
            "arn": "arn:aws:elasticloadbalancing:us-east-1:735537156226:loadbalancer/app/coughoverflow-lb/0ab2728c1fb43c97",
            "arn_suffix": "app/coughoverflow-lb/0ab2728c1fb43c97",
            "client_keep_alive": 3600,
            "connection_logs": [
              {
                "bucket": "",
                "enabled": false,
                "prefix": ""
              }
            ],
            "customer_owned_ipv4_pool": "",
            "desync_mitigation_mode": "defensive",
            "dns_name": "coughoverflow-lb-533553647.us-east-1.elb.amazonaws.com",
            "dns_record_client_routing_policy": null,
            "drop_invalid_header_fields": false,
            "enable_cross_zone_load_balancing": true,
            "enable_deletion_protection": false,
            "enable_http2": true,
            "enable_tls_version_and_cipher_suite_headers": false,
            "enable_waf_fail_open": false,
            "enable_xff_client_port": false,
            "enable_zonal_shift": false,
            "enforce_security_group_inbound_rules_on_private_link_traffic": "",
            "id": "arn:aws:elasticloadbalancing:us-east-1:735537156226:loadbalancer/app/coughoverflow-lb/0ab2728c1fb43c97",
            "idle_timeout": 60,
            "internal": false,
            "ip_address_type": "ipv4",
            "ipam_pools": [],
            "load_balancer_type": "application",
            "name": "coughoverflow-lb",
            "name_prefix": "",
            "preserve_host_header": false,
            "security_groups": [
              "sg-08fb5ab453cbb8cee"
            ],
            "subnet_mapping": [
              {
                "allocation_id": "",
                "ipv6_address": "",
                "outpost_id": "",
                "private_ipv4_address": "",
                "subnet_id": "subnet-0010980ea404c7c47"
              },
              {
                "allocation_id": "",
                "ipv6_address": "",
                "outpost_id": "",
                "private_ipv4_address": "",
                "subnet_id": "subnet-01ff8bedc697c3a25"
              },
              {
                "allocation_id": "",
                "ipv6_address": "",
                "outpost_id": "",
                "private_ipv4_address": "",
                "subnet_id": "subnet-04aaa88fe16b55f3f"
              },
              {
                "allocation_id": "",
                "ipv6_address": "",
                "outpost_id": "",
                "private_ipv4_address": "",
                "subnet_id": "subnet-04feae95163a4095a"
              },
              {
                "allocation_id": "",
                "ipv6_address": "",
                "outpost_id": "",
                "private_ipv4_address": "",
                "subnet_id": "subnet-073e4e64b931e9878"
              },
              {
                "allocation_id": "",
                "ipv6_address": "",
                "outpost_id": "",
                "private_ipv4_address": "",
                "subnet_id": "subnet-07ec07cb11e91bb0e"
              }
            ],
            "subnets": [
              "subnet-0010980ea404c7c47",
              "subnet-01ff8bedc697c3a25",
              "subnet-04aaa88fe16b55f3f",
              "subnet-04feae95163a4095a",
              "subnet-073e4e64b931e9878",
              "subnet-07ec07cb11e91bb0e"
            ],
            "tags": {},
            "tags_all": {
              "Course": "6400",
              "Environment": "Dev",
              "StudentID": "47324000"
            },
            "timeouts": null,
            "vpc_id": "vpc-08e64bde7d2da64d5",
            "xff_header_processing_mode": "append",
            "zone_id": "Z35SXDOTRQ7X7K"
          },
          "sensitive_attributes": [],
          "private": "eyJlMmJmYjczMC1lY2FhLTExZTYtOGY4OC0zNDM2M2JjN2M0YzAiOnsiY3JlYXRlIjo2MDAwMDAwMDAwMDAsImRlbGV0ZSI6NjAwMDAwMDAwMDAwLCJ1cGRhdGUiOjYwMDAwMDAwMDAwMH19",
          "dependencies": [
            "aws_security_group.alb_sg",
            "data.aws_subnets.public",
            "data.aws_vpc.default"
          ]
        }
      ]
    },
    {
      "mode": "managed",
      "type": "aws_lb_listener",
      "name": "coughoverflow_listener",
      "provider": "provider[\"registry.terraform.io/hashicorp/aws\"]",
      "instances": [
        {
          "schema_version": 0,
          "attributes": {
            "alpn_policy": null,
            "arn": "arn:aws:elasticloadbalancing:us-east-1:735537156226:listener/app/coughoverflow-lb/0ab2728c1fb43c97/29438a7cd05dd748",
            "certificate_arn": null,
            "default_action": [
              {
                "authenticate_cognito": [],
                "authenticate_oidc": [],
                "fixed_response": [],
                "forward": [],
                "order": 1,
                "redirect": [],
                "target_group_arn": "arn:aws:elasticloadbalancing:us-east-1:735537156226:targetgroup/coughoverflow-tg/f3ac453f8e0d69ab",
                "type": "forward"
              }
            ],
            "id": "arn:aws:elasticloadbalancing:us-east-1:735537156226:listener/app/coughoverflow-lb/0ab2728c1fb43c97/29438a7cd05dd748",
            "load_balancer_arn": "arn:aws:elasticloadbalancing:us-east-1:735537156226:loadbalancer/app/coughoverflow-lb/0ab2728c1fb43c97",
            "mutual_authentication": [],
            "port": 80,
            "protocol": "HTTP",
            "routing_http_request_x_amzn_mtls_clientcert_header_name": null,
            "routing_http_request_x_amzn_mtls_clientcert_issuer_header_name": null,
            "routing_http_request_x_amzn_mtls_clientcert_leaf_header_name": null,
            "routing_http_request_x_amzn_mtls_clientcert_serial_number_header_name": null,
            "routing_http_request_x_amzn_mtls_clientcert_subject_header_name": null,
            "routing_http_request_x_amzn_mtls_clientcert_validity_header_name": null,
            "routing_http_request_x_amzn_tls_cipher_suite_header_name": null,
            "routing_http_request_x_amzn_tls_version_header_name": null,
            "routing_http_response_access_control_allow_credentials_header_value": "",
            "routing_http_response_access_control_allow_headers_header_value": "",
            "routing_http_response_access_control_allow_methods_header_value": "",
            "routing_http_response_access_control_allow_origin_header_value": "",
            "routing_http_response_access_control_expose_headers_header_value": "",
            "routing_http_response_access_control_max_age_header_value": "",
            "routing_http_response_content_security_policy_header_value": "",
            "routing_http_response_server_enabled": false,
            "routing_http_response_strict_transport_security_header_value": "",
            "routing_http_response_x_content_type_options_header_value": "",
            "routing_http_response_x_frame_options_header_value": "",
            "ssl_policy": "",
            "tags": {},
            "tags_all": {
              "Course": "6400",
              "Environment": "Dev",
              "StudentID": "47324000"
            },
            "tcp_idle_timeout_seconds": null,
            "timeouts": null
          },
          "sensitive_attributes": [],
          "private": "eyJlMmJmYjczMC1lY2FhLTExZTYtOGY4OC0zNDM2M2JjN2M0YzAiOnsiY3JlYXRlIjozMDAwMDAwMDAwMDAsInVwZGF0ZSI6MzAwMDAwMDAwMDAwfX0=",
          "dependencies": [
            "aws_lb.coughoverflow_lb",
            "aws_lb_target_group.coughoverflow_tg",
            "aws_security_group.alb_sg",
            "data.aws_subnets.public",
            "data.aws_vpc.default"
          ]
        }
      ]
    },
    {
      "mode": "managed",
      "type": "aws_lb_target_group",
      "name": "coughoverflow_tg",
      "provider": "provider[\"registry.terraform.io/hashicorp/aws\"]",
      "instances": [
        {
          "schema_version": 0,
          "attributes": {
            "arn": "arn:aws:elasticloadbalancing:us-east-1:735537156226:targetgroup/coughoverflow-tg/f3ac453f8e0d69ab",
            "arn_suffix": "targetgroup/coughoverflow-tg/f3ac453f8e0d69ab",
            "connection_termination": null,
            "deregistration_delay": "300",
            "health_check": [
              {
                "enabled": true,
                "healthy_threshold": 2,
                "interval": 30,
                "matcher": "200",
                "path": "/api/v1/health",
                "port": "traffic-port",
                "protocol": "HTTP",
                "timeout": 5,
                "unhealthy_threshold": 2
              }
            ],
            "id": "arn:aws:elasticloadbalancing:us-east-1:735537156226:targetgroup/coughoverflow-tg/f3ac453f8e0d69ab",
            "ip_address_type": "ipv4",
            "lambda_multi_value_headers_enabled": false,
            "load_balancer_arns": [
              "arn:aws:elasticloadbalancing:us-east-1:735537156226:loadbalancer/app/coughoverflow-lb/0ab2728c1fb43c97"
            ],
            "load_balancing_algorithm_type": "round_robin",
            "load_balancing_anomaly_mitigation": "off",
            "load_balancing_cross_zone_enabled": "use_load_balancer_configuration",
            "name": "coughoverflow-tg",
            "name_prefix": "",
            "port": 8080,
            "preserve_client_ip": null,
            "protocol": "HTTP",
            "protocol_version": "HTTP1",
            "proxy_protocol_v2": false,
            "slow_start": 0,
            "stickiness": [
              {
                "cookie_duration": 86400,
                "cookie_name": "",
                "enabled": false,
                "type": "lb_cookie"
              }
            ],
            "tags": {},
            "tags_all": {
              "Course": "6400",
              "Environment": "Dev",
              "StudentID": "47324000"
            },
            "target_failover": [
              {
                "on_deregistration": null,
                "on_unhealthy": null
              }
            ],
            "target_group_health": [
              {
                "dns_failover": [
                  {
                    "minimum_healthy_targets_count": "1",
                    "minimum_healthy_targets_percentage": "off"
                  }
                ],
                "unhealthy_state_routing": [
                  {
                    "minimum_healthy_targets_count": 1,
                    "minimum_healthy_targets_percentage": "off"
                  }
                ]
              }
            ],
            "target_health_state": [
              {
                "enable_unhealthy_connection_termination": null,
                "unhealthy_draining_interval": null
              }
            ],
            "target_type": "ip",
            "vpc_id": "vpc-08e64bde7d2da64d5"
          },
          "sensitive_attributes": [],
          "private": "bnVsbA==",
          "dependencies": [
            "data.aws_vpc.default"
          ]
        }
      ]
    },
    {
      "mode": "managed",
      "type": "aws_security_group",
      "name": "alb_sg",
      "provider": "provider[\"registry.terraform.io/hashicorp/aws\"]",
      "instances": [
        {
          "schema_version": 1,
          "attributes": {
            "arn": "arn:aws:ec2:us-east-1:735537156226:security-group/sg-08fb5ab453cbb8cee",
            "description": "Allow HTTP from internet",
            "egress": [
              {
                "cidr_blocks": [
                  "0.0.0.0/0"
                ],
                "description": "",
                "from_port": 0,
                "ipv6_cidr_blocks": [],
                "prefix_list_ids": [],
                "protocol": "-1",
                "security_groups": [],
                "self": false,
                "to_port": 0
              }
            ],
            "id": "sg-08fb5ab453cbb8cee",
            "ingress": [
              {
                "cidr_blocks": [
                  "0.0.0.0/0"
                ],
                "description": "",
                "from_port": 80,
                "ipv6_cidr_blocks": [],
                "prefix_list_ids": [],
                "protocol": "tcp",
                "security_groups": [],
                "self": false,
                "to_port": 80
              }
            ],
            "name": "coughoverflow-alb-sg",
            "name_prefix": "",
            "owner_id": "735537156226",
            "revoke_rules_on_delete": false,
            "tags": {},
            "tags_all": {
              "Course": "6400",
              "Environment": "Dev",
              "StudentID": "47324000"
            },
            "timeouts": null,
            "vpc_id": "vpc-08e64bde7d2da64d5"
          },
          "sensitive_attributes": [],
          "private": "eyJlMmJmYjczMC1lY2FhLTExZTYtOGY4OC0zNDM2M2JjN2M0YzAiOnsiY3JlYXRlIjo2MDAwMDAwMDAwMDAsImRlbGV0ZSI6OTAwMDAwMDAwMDAwfSwic2NoZW1hX3ZlcnNpb24iOiIxIn0=",
          "dependencies": [
            "data.aws_vpc.default"
          ]
        }
      ]
    },
    {
      "mode": "managed",
      "type": "aws_security_group",
      "name": "ecs_sg",
      "provider": "provider[\"registry.terraform.io/hashicorp/aws\"]",
      "instances": [
        {
          "schema_version": 1,
          "attributes": {
            "arn": "arn:aws:ec2:us-east-1:735537156226:security-group/sg-0c4cf3d80340e1747",
            "description": "Allow traffic from ALB to ECS task on port 8080",
            "egress": [
              {
                "cidr_blocks": [
                  "0.0.0.0/0"
                ],
                "description": "",
                "from_port": 0,
                "ipv6_cidr_blocks": [],
                "prefix_list_ids": [],
                "protocol": "-1",
                "security_groups": [],
                "self": false,
                "to_port": 0
              }
            ],
            "id": "sg-0c4cf3d80340e1747",
            "ingress": [
              {
                "cidr_blocks": [],
                "description": "",
                "from_port": 8080,
                "ipv6_cidr_blocks": [],
                "prefix_list_ids": [],
                "protocol": "tcp",
                "security_groups": [
                  "sg-08fb5ab453cbb8cee"
                ],
                "self": false,
                "to_port": 8080
              }
            ],
            "name": "coughoverflow-ecs-sg",
            "name_prefix": "",
            "owner_id": "735537156226",
            "revoke_rules_on_delete": false,
            "tags": {},
            "tags_all": {
              "Course": "6400",
              "Environment": "Dev",
              "StudentID": "47324000"
            },
            "timeouts": null,
            "vpc_id": "vpc-08e64bde7d2da64d5"
          },
          "sensitive_attributes": [],
          "private": "eyJlMmJmYjczMC1lY2FhLTExZTYtOGY4OC0zNDM2M2JjN2M0YzAiOnsiY3JlYXRlIjo2MDAwMDAwMDAwMDAsImRlbGV0ZSI6OTAwMDAwMDAwMDAwfSwic2NoZW1hX3ZlcnNpb24iOiIxIn0=",
          "dependencies": [
            "aws_security_group.alb_sg",
            "data.aws_vpc.default"
          ]
        }
      ]
    }
  ],
  "check_results": null
}
